
Microsoft Visual Studio Solution File, Format Version 12.00
# Visual Studio 2017
Project("{FAE04EC0-301F-11D3-BF4B-00C04F79EFBC}") = "Codigos aula", "Codigos aula.csproj", "{242CE39C-64D7-C94C-27D5-07CA236F0B9B}"
EndProject
Global
	GlobalSection(SolutionConfigurationPlatforms) = preSolution
		Debug|Any CPU = Debug|Any CPU
		Release|Any CPU = Release|Any CPU
	EndGlobalSection
	GlobalSection(ProjectConfigurationPlatforms) = postSolution
		{242CE39C-64D7-C94C-27D5-07CA236F0B9B}.Debug|Any CPU.ActiveCfg = Debug|Any CPU
		{242CE39C-64D7-C94C-27D5-07CA236F0B9B}.Debug|Any CPU.Build.0 = Debug|Any CPU
		{242CE39C-64D7-C94C-27D5-07CA236F0B9B}.Release|Any CPU.ActiveCfg = Release|Any CPU
		{242CE39C-64D7-C94C-27D5-07CA236F0B9B}.Release|Any CPU.Build.0 = Release|Any CPU
	EndGlobalSection
	GlobalSection(SolutionProperties) = preSolution
		HideSolutionNode = FALSE
	EndGlobalSection
EndGlobal
